
Microsoft Visual Studio Solution File, Format Version 12.00
# Visual Studio Version 17
VisualStudioVersion = 17.11.35219.272
MinimumVisualStudioVersion = 10.0.40219.1
Project("{888888A0-9F3D-457C-B088-3A5042F75D52}") = "iseseisevtöö", "iseseisevtöö.pyproj", "{56E6020D-E302-4847-B8AF-DD0C4806C494}"
EndProject
Global
	GlobalSection(SolutionConfigurationPlatforms) = preSolution
		Debug|Any CPU = Debug|Any CPU
		Release|Any CPU = Release|Any CPU
	EndGlobalSection
	GlobalSection(ProjectConfigurationPlatforms) = postSolution
		{56E6020D-E302-4847-B8AF-DD0C4806C494}.Debug|Any CPU.ActiveCfg = Debug|Any CPU
		{56E6020D-E302-4847-B8AF-DD0C4806C494}.Release|Any CPU.ActiveCfg = Release|Any CPU
	EndGlobalSection
	GlobalSection(SolutionProperties) = preSolution
		HideSolutionNode = FALSE
	EndGlobalSection
	GlobalSection(ExtensibilityGlobals) = postSolution
		SolutionGuid = {A758C027-6B70-4881-B2C2-734AE6ED9FF9}
	EndGlobalSection
EndGlobal
